// !$*UTF8*$!
{
	archiveVersion = 1;
	classes = {
	};
	objectVersion = 77;
	objects = {

/* Begin PBXBuildFile section */
		796A80832FCF28AE00E2196F /* LaunchAtLogin in Frameworks */ = {isa = PBXBuildFile; productRef = 796A80822FCF28AE00E2196F /* LaunchAtLogin */; };
		797568972FD1BDEE00941F7E /* KeyboardShortcuts in Frameworks */ = {isa = PBXBuildFile; productRef = 797568962FD1BDEE00941F7E /* KeyboardShortcuts */; };
		79BE98692FC2A30E00C194DF /* WebP in Frameworks */ = {isa = PBXBuildFile; productRef = 792B8D6A2FC29F9E00BC8880 /* WebP */; };
/* End PBXBuildFile section */

/* Begin PBXContainerItemProxy section */
		796853C12F3E29890068B99A /* PBXContainerItemProxy */ = {
			isa = PBXContainerItemProxy;
			containerPortal = 796853A72F3E29850068B99A /* Project object */;
			proxyType = 1;
			remoteGlobalIDString = 796853AE2F3E29850068B99A;
			remoteInfo = drag.on;
		};
		796853CB2F3E29890068B99A /* PBXContainerItemProxy */ = {
			isa = PBXContainerItemProxy;
			containerPortal = 796853A72F3E29850068B99A /* Project object */;
			proxyType = 1;
			remoteGlobalIDString = 796853AE2F3E29850068B99A;
			remoteInfo = drag.on;
		};
/* End PBXContainerItemProxy section */

/* Begin PBXFileReference section */
		796853AF2F3E29850068B99A /* drag.on.app */ = {isa = PBXFileReference; explicitFileType = wrapper.application; includeInIndex = 0; path = drag.on.app; sourceTree = BUILT_PRODUCTS_DIR; };
		796853C02F3E29890068B99A /* drag.onTests.xctest */ = {isa = PBXFileReference; explicitFileType = wrapper.cfbundle; includeInIndex = 0; path = drag.onTests.xctest; sourceTree = BUILT_PRODUCTS_DIR; };
		796853CA2F3E29890068B99A /* drag.onUITests.xctest */ = {isa = PBXFileReference; explicitFileType = wrapper.cfbundle; includeInIndex = 0; path = drag.onUITests.xctest; sourceTree = BUILT_PRODUCTS_DIR; };
/* End PBXFileReference section */

/* Begin PBXFileSystemSynchronizedRootGroup section */
		796853B12F3E29850068B99A /* drag.on */ = {
			isa = PBXFileSystemSynchronizedRootGroup;
			path = drag.on;
			sourceTree = "<group>";
		};
/* End PBXFileSystemSynchronizedRootGroup section */

/* Begin PBXFrameworksBuildPhase section */
		796853AC2F3E29850068B99A /* Frameworks */ = {
			isa = PBXFrameworksBuildPhase;
			buildActionMask = 2147483647;
			files = (
				796A80832FCF28AE00E2196F /* LaunchAtLogin in Frameworks */,
				79BE98692FC2A30E00C194DF /* WebP in Frameworks */,
				797568972FD1BDEE00941F7E /* KeyboardShortcuts in Frameworks */,
			);
			runOnlyForDeploymentPostprocessing = 0;
		};
		796853BD2F3E29890068B99A /* Frameworks */ = {
			isa = PBXFrameworksBuildPhase;
			buildActionMask = 2147483647;
			files = (
			);
			runOnlyForDeploymentPostprocessing = 0;
		};
		796853C72F3E29890068B99A /* Frameworks */ = {
			isa = PBXFrameworksBuildPhase;
			buildActionMask = 2147483647;
			files = (
			);
			runOnlyForDeploymentPostprocessing = 0;
		};
/* End PBXFrameworksBuildPhase section */

/* Begin PBXGroup section */
		796853A62F3E29850068B99A = {
			isa = PBXGroup;
			children = (
				796853B12F3E29850068B99A /* drag.on */,
				797568952FD1BDEE00941F7E /* Frameworks */,
				796853B02F3E29850068B99A /* Products */,
			);
			sourceTree = "<group>";
		};
		796853B02F3E29850068B99A /* Products */ = {
			isa = PBXGroup;
			children = (
				796853AF2F3E29850068B99A /* drag.on.app */,
				796853C02F3E29890068B99A /* drag.onTests.xctest */,
				796853CA2F3E29890068B99A /* drag.onUITests.xctest */,
			);
			name = Products;
			sourceTree = "<group>";
		};
		797568952FD1BDEE00941F7E /* Frameworks */ = {
			isa = PBXGroup;
			children = (
			);
			name = Frameworks;
			sourceTree = "<group>";
		};
/* End PBXGroup section */

/* Begin PBXNativeTarget section */
		796853AE2F3E29850068B99A /* drag.on */ = {
			isa = PBXNativeTarget;
			buildConfigurationList = 796853D42F3E29890068B99A /* Build configuration list for PBXNativeTarget "drag.on" */;
			buildPhases = (
				796853AB2F3E29850068B99A /* Sources */,
				796853AC2F3E29850068B99A /* Frameworks */,
				796853AD2F3E29850068B99A /* Resources */,
			);
			buildRules = (
			);
			dependencies = (
			);
			fileSystemSynchronizedGroups = (
				796853B12F3E29850068B99A /* drag.on */,
			);
			name = drag.on;
			packageProductDependencies = (
				796A80822FCF28AE00E2196F /* LaunchAtLogin */,
				792B8D6A2FC29F9E00BC8880 /* WebP */,
				797568962FD1BDEE00941F7E /* KeyboardShortcuts */,
			);
			productName = drag.on;
			productReference = 796853AF2F3E29850068B99A /* drag.on.app */;
			productType = "com.apple.product-type.application";
		};
		796853BF2F3E29890068B99A /* drag.onTests */ = {
			isa = PBXNativeTarget;
			buildConfigurationList = 796853D72F3E29890068B99A /* Build configuration list for PBXNativeTarget "drag.onTests" */;
			buildPhases = (
				796853BC2F3E29890068B99A /* Sources */,
				796853BD2F3E29890068B99A /* Frameworks */,
				796853BE2F3E29890068B99A /* Resources */,
			);
			buildRules = (
			);
			dependencies = (
				796853C22F3E29890068B99A /* PBXTargetDependency */,
			);
			name = drag.onTests;
			packageProductDependencies = (
			);
			productName = drag.onTests;
			productReference = 796853C02F3E29890068B99A /* drag.onTests.xctest */;
			productType = "com.apple.product-type.bundle.unit-test";
		};
		796853C92F3E29890068B99A /* drag.onUITests */ = {
			isa = PBXNativeTarget;
			buildConfigurationList = 796853DA2F3E29890068B99A /* Build configuration list for PBXNativeTarget "drag.onUITests" */;
			buildPhases = (
				796853C62F3E29890068B99A /* Sources */,
				796853C72F3E29890068B99A /* Frameworks */,
				796853C82F3E29890068B99A /* Resources */,
			);
			buildRules = (
			);
			dependencies = (
				796853CC2F3E29890068B99A /* PBXTargetDependency */,
			);
			name = drag.onUITests;
			packageProductDependencies = (
			);
			productName = drag.onUITests;
			productReference = 796853CA2F3E29890068B99A /* drag.onUITests.xctest */;
			productType = "com.apple.product-type.bundle.ui-testing";
		};
/* End PBXNativeTarget section */

/* Begin PBXProject section */
		796853A72F3E29850068B99A /* Project object */ = {
			isa = PBXProject;
			attributes = {
				BuildIndependentTargetsInParallel = 1;
				LastSwiftUpdateCheck = 1620;
				LastUpgradeCheck = 1620;
				TargetAttributes = {
					796853AE2F3E29850068B99A = {
						CreatedOnToolsVersion = 16.2;
					};
					796853BF2F3E29890068B99A = {
						CreatedOnToolsVersion = 16.2;
						TestTargetID = 796853AE2F3E29850068B99A;
					};
					796853C92F3E29890068B99A = {
						CreatedOnToolsVersion = 16.2;
						TestTargetID = 796853AE2F3E29850068B99A;
					};
				};
			};
			buildConfigurationList = 796853AA2F3E29850068B99A /* Build configuration list for PBXProject "drag.on" */;
			developmentRegion = en;
			hasScannedForEncodings = 0;
			knownRegions = (
				en,
				Base,
			);
			mainGroup = 796853A62F3E29850068B99A;
			minimizedProjectReferenceProxies = 1;
			packageReferences = (
				792B8D692FC29F9E00BC8880 /* XCRemoteSwiftPackageReference "Swift-WebP" */,
				796A807F2FCF26EB00E2196F /* XCRemoteSwiftPackageReference "KeyboardShortcuts" */,
				796A80802FCF28AE00E2196F /* XCRemoteSwiftPackageReference "LaunchAtLogin-Modern" */,
			);
			preferredProjectObjectVersion = 77;
			productRefGroup = 796853B02F3E29850068B99A /* Products */;
			projectDirPath = "";
			projectRoot = "";
			targets = (
				796853AE2F3E29850068B99A /* drag.on */,
				796853BF2F3E29890068B99A /* drag.onTests */,
				796853C92F3E29890068B99A /* drag.onUITests */,
			);
		};
/* End PBXProject section */

/* Begin PBXResourcesBuildPhase section */
		796853AD2F3E29850068B99A /* Resources */ = {
			isa = PBXResourcesBuildPhase;
			buildActionMask = 2147483647;
			files = (
			);
			runOnlyForDeploymentPostprocessing = 0;
		};
		796853BE2F3E29890068B99A /* Resources */ = {
			isa = PBXResourcesBuildPhase;
			buildActionMask = 2147483647;
			files = (
			);
			runOnlyForDeploymentPostprocessing = 0;
		};
		796853C82F3E29890068B99A /* Resources */ = {
			isa = PBXResourcesBuildPhase;
			buildActionMask = 2147483647;
			files = (
			);
			runOnlyForDeploymentPostprocessing = 0;
		};
/* End PBXResourcesBuildPhase section */

/* Begin PBXSourcesBuildPhase section */
		796853AB2F3E29850068B99A /* Sources */ = {
			isa = PBXSourcesBuildPhase;
			buildActionMask = 2147483647;
			files = (
			);
			runOnlyForDeploymentPostprocessing = 0;
		};
		796853BC2F3E29890068B99A /* Sources */ = {
			isa = PBXSourcesBuildPhase;
			buildActionMask = 2147483647;
			files = (
			);
			runOnlyForDeploymentPostprocessing = 0;
		};
		796853C62F3E29890068B99A /* Sources */ = {
			isa = PBXSourcesBuildPhase;
			buildActionMask = 2147483647;
			files = (
			);
			runOnlyForDeploymentPostprocessing = 0;
		};
/* End PBXSourcesBuildPhase section */

/* Begin PBXTargetDependency section */
		796853C22F3E29890068B99A /* PBXTargetDependency */ = {
			isa = PBXTargetDependency;
			target = 796853AE2F3E29850068B99A /* drag.on */;
			targetProxy = 796853C12F3E29890068B99A /* PBXContainerItemProxy */;
		};
		796853CC2F3E29890068B99A /* PBXTargetDependency */ = {
			isa = PBXTargetDependency;
			target = 796853AE2F3E29850068B99A /* drag.on */;
			targetProxy = 796853CB2F3E29890068B99A /* PBXContainerItemProxy */;
		};
/* End PBXTargetDependency section */

/* Begin XCBuildConfiguration section */
		796853D22F3E29890068B99A /* Debug */ = {
			isa = XCBuildConfiguration;
			buildSettings = {
				ALWAYS_SEARCH_USER_PATHS = NO;
				ASSETCATALOG_COMPILER_GENERATE_SWIFT_ASSET_SYMBOL_EXTENSIONS = YES;
				CLANG_ANALYZER_NONNULL = YES;
				CLANG_ANALYZER_NUMBER_OBJECT_CONVERSION = YES_AGGRESSIVE;
				CLANG_CXX_LANGUAGE_STANDARD = "gnu++20";
				CLANG_ENABLE_MODULES = YES;
				CLANG_ENABLE_OBJC_ARC = YES;
				CLANG_ENABLE_OBJC_WEAK = YES;
				CLANG_WARN_BLOCK_CAPTURE_AUTORELEASING = YES;
				CLANG_WARN_BOOL_CONVERSION = YES;
				CLANG_WARN_COMMA = YES;
				CLANG_WARN_CONSTANT_CONVERSION = YES;
				CLANG_WARN_DEPRECATED_OBJC_IMPLEMENTATIONS = YES;
				CLANG_WARN_DIRECT_OBJC_ISA_USAGE = YES_ERROR;
				CLANG_WARN_DOCUMENTATION_COMMENTS = YES;
				CLANG_WARN_EMPTY_BODY = YES;
				CLANG_WARN_ENUM_CONVERSION = YES;
				CLANG_WARN_INFINITE_RECURSION = YES;
				CLANG_WARN_INT_CONVERSION = YES;
				CLANG_WARN_NON_LITERAL_NULL_CONVERSION = YES;
				CLANG_WARN_OBJC_IMPLICIT_RETAIN_SELF = YES;
				CLANG_WARN_OBJC_LITERAL_CONVERSION = YES;
				CLANG_WARN_OBJC_ROOT_CLASS = YES_ERROR;
				CLANG_WARN_QUOTED_INCLUDE_IN_FRAMEWORK_HEADER = YES;
				CLANG_WARN_RANGE_LOOP_ANALYSIS = YES;
				CLANG_WARN_STRICT_PROTOTYPES = YES;
				CLANG_WARN_SUSPICIOUS_MOVE = YES;
				CLANG_WARN_UNGUARDED_AVAILABILITY = YES_AGGRESSIVE;
				CLANG_WARN_UNREACHABLE_CODE = YES;
				CLANG_WARN__DUPLICATE_METHOD_MATCH = YES;
				COPY_PHASE_STRIP = NO;
				DEAD_CODE_STRIPPING = YES;
				DEBUG_INFORMATION_FORMAT = dwarf;
				ENABLE_STRICT_OBJC_MSGSEND = YES;
				ENABLE_TESTABILITY = YES;
				ENABLE_USER_SCRIPT_SANDBOXING = YES;
				GCC_C_LANGUAGE_STANDARD = gnu17;
				GCC_DYNAMIC_NO_PIC = NO;
				GCC_NO_COMMON_BLOCKS = YES;
				GCC_OPTIMIZATION_LEVEL = 0;
				GCC_PREPROCESSOR_DEFINITIONS = (
					"DEBUG=1",
					"$(inherited)",
				);
				GCC_WARN_64_TO_32_BIT_CONVERSION = YES;
				GCC_WARN_ABOUT_RETURN_TYPE = YES_ERROR;
				GCC_WARN_UNDECLARED_SELECTOR = YES;
				GCC_WARN_UNINITIALIZED_AUTOS = YES_AGGRESSIVE;
				GCC_WARN_UNUSED_FUNCTION = YES;
				GCC_WARN_UNUSED_VARIABLE = YES;
				LOCALIZATION_PREFERS_STRING_CATALOGS = YES;
				MACOSX_DEPLOYMENT_TARGET = 14.8;
				MTL_ENABLE_DEBUG_INFO = INCLUDE_SOURCE;
				MTL_FAST_MATH = YES;
				ONLY_ACTIVE_ARCH = YES;
				SDKROOT = macosx;
				SWIFT_ACTIVE_COMPILATION_CONDITIONS = "DEBUG $(inherited)";
				SWIFT_OPTIMIZATION_LEVEL = "-Onone";
			};
			name = Debug;
		};
		796853D32F3E29890068B99A /* Release */ = {
			isa = XCBuildConfiguration;
			buildSettings = {
				ALWAYS_SEARCH_USER_PATHS = NO;
				ASSETCATALOG_COMPILER_GENERATE_SWIFT_ASSET_SYMBOL_EXTENSIONS = YES;
				CLANG_ANALYZER_NONNULL = YES;
				CLANG_ANALYZER_NUMBER_OBJECT_CONVERSION = YES_AGGRESSIVE;
				CLANG_CXX_LANGUAGE_STANDARD = "gnu++20";
				CLANG_ENABLE_MODULES = YES;
				CLANG_ENABLE_OBJC_ARC = YES;
				CLANG_ENABLE_OBJC_WEAK = YES;
				CLANG_WARN_BLOCK_CAPTURE_AUTORELEASING = YES;
				CLANG_WARN_BOOL_CONVERSION = YES;
				CLANG_WARN_COMMA = YES;
				CLANG_WARN_CONSTANT_CONVERSION = YES;
				CLANG_WARN_DEPRECATED_OBJC_IMPLEMENTATIONS = YES;
				CLANG_WARN_DIRECT_OBJC_ISA_USAGE = YES_ERROR;
				CLANG_WARN_DOCUMENTATION_COMMENTS = YES;
				CLANG_WARN_EMPTY_BODY = YES;
				CLANG_WARN_ENUM_CONVERSION = YES;
				CLANG_WARN_INFINITE_RECURSION = YES;
				CLANG_WARN_INT_CONVERSION = YES;
				CLANG_WARN_NON_LITERAL_NULL_CONVERSION = YES;
				CLANG_WARN_OBJC_IMPLICIT_RETAIN_SELF = YES;
				CLANG_WARN_OBJC_LITERAL_CONVERSION = YES;
				CLANG_WARN_OBJC_ROOT_CLASS = YES_ERROR;
				CLANG_WARN_QUOTED_INCLUDE_IN_FRAMEWORK_HEADER = YES;
				CLANG_WARN_RANGE_LOOP_ANALYSIS = YES;
				CLANG_WARN_STRICT_PROTOTYPES = YES;
				CLANG_WARN_SUSPICIOUS_MOVE = YES;
				CLANG_WARN_UNGUARDED_AVAILABILITY = YES_AGGRESSIVE;
				CLANG_WARN_UNREACHABLE_CODE = YES;
				CLANG_WARN__DUPLICATE_METHOD_MATCH = YES;
				COPY_PHASE_STRIP = NO;
				DEAD_CODE_STRIPPING = YES;
				DEBUG_INFORMATION_FORMAT = "dwarf-with-dsym";
				ENABLE_NS_ASSERTIONS = NO;
				ENABLE_STRICT_OBJC_MSGSEND = YES;
				ENABLE_USER_SCRIPT_SANDBOXING = YES;
				GCC_C_LANGUAGE_STANDARD = gnu17;
				GCC_NO_COMMON_BLOCKS = YES;
				GCC_WARN_64_TO_32_BIT_CONVERSION = YES;
				GCC_WARN_ABOUT_RETURN_TYPE = YES_ERROR;
				GCC_WARN_UNDECLARED_SELECTOR = YES;
				GCC_WARN_UNINITIALIZED_AUTOS = YES_AGGRESSIVE;
				GCC_WARN_UNUSED_FUNCTION = YES;
				GCC_WARN_UNUSED_VARIABLE = YES;
				LOCALIZATION_PREFERS_STRING_CATALOGS = YES;
				MACOSX_DEPLOYMENT_TARGET = 14.8;
				MTL_ENABLE_DEBUG_INFO = NO;
				MTL_FAST_MATH = YES;
				SDKROOT = macosx;
				SWIFT_COMPILATION_MODE = wholemodule;
			};
			name = Release;
		};
		796853D52F3E29890068B99A /* Debug */ = {
			isa = XCBuildConfiguration;
			buildSettings = {
				ASSETCATALOG_COMPILER_APPICON_NAME = AppIcon;
				ASSETCATALOG_COMPILER_GLOBAL_ACCENT_COLOR_NAME = AccentColor;
				ASSETCATALOG_COMPILER_INCLUDE_ALL_APPICON_ASSETS = NO;
				CODE_SIGN_ENTITLEMENTS = drag.on/App/drag_on.entitlements;
				"CODE_SIGN_IDENTITY[sdk=macosx*]" = "-";
				CODE_SIGN_STYLE = Automatic;
				COMBINE_HIDPI_IMAGES = YES;
				CURRENT_PROJECT_VERSION = 1;
				DEAD_CODE_STRIPPING = YES;
				DEVELOPMENT_ASSET_PATHS = "\"drag.on/Preview Content\"";
				DEVELOPMENT_TEAM = 447KT3KGQ2;
				ENABLE_HARDENED_RUNTIME = YES;
				ENABLE_PREVIEWS = YES;
				GENERATE_INFOPLIST_FILE = YES;
				INFOPLIST_KEY_CFBundleDisplayName = Drag.on;
				INFOPLIST_KEY_LSApplicationCategoryType = "public.app-category.productivity";
				INFOPLIST_KEY_NSDesktopFolderUsageDescription = "Drag.on needs access to your Desktop to read and write images.";
				INFOPLIST_KEY_NSDocumentsFolderUsageDescription = "Drag.on needs access to your Documents folder to read and write files.";
				INFOPLIST_KEY_NSDownloadsFolderUsageDescription = "Drag.on needs access to your Downloads folder to save converted images.";
				INFOPLIST_KEY_NSHumanReadableCopyright = "";
				LD_RUNPATH_SEARCH_PATHS = (
					"$(inherited)",
					"@executable_path/../Frameworks",
				);
				MACOSX_DEPLOYMENT_TARGET = 14.6;
				MARKETING_VERSION = "1.0 beta";
				PRODUCT_BUNDLE_IDENTIFIER = "com.yokai.drag-on";
				PRODUCT_NAME = "$(TARGET_NAME)";
				SWIFT_EMIT_LOC_STRINGS = YES;
				SWIFT_VERSION = 6.0;
			};
			name = Debug;
		};
		796853D62F3E29890068B99A /* Release */ = {
			isa = XCBuildConfiguration;
			buildSettings = {
				ASSETCATALOG_COMPILER_APPICON_NAME = AppIcon;
				ASSETCATALOG_COMPILER_GLOBAL_ACCENT_COLOR_NAME = AccentColor;
				ASSETCATALOG_COMPILER_INCLUDE_ALL_APPICON_ASSETS = NO;
				CODE_SIGN_ENTITLEMENTS = drag.on/App/drag_on.entitlements;
				"CODE_SIGN_IDENTITY[sdk=macosx*]" = "-";
				CODE_SIGN_STYLE = Automatic;
				COMBINE_HIDPI_IMAGES = YES;
				CURRENT_PROJECT_VERSION = 1;
				DEAD_CODE_STRIPPING = YES;
				DEVELOPMENT_ASSET_PATHS = "\"drag.on/Preview Content\"";
				DEVELOPMENT_TEAM = 447KT3KGQ2;
				ENABLE_HARDENED_RUNTIME = YES;
				ENABLE_PREVIEWS = YES;
				GENERATE_INFOPLIST_FILE = YES;
				INFOPLIST_KEY_CFBundleDisplayName = Drag.on;
				INFOPLIST_KEY_LSApplicationCategoryType = "public.app-category.productivity";
				INFOPLIST_KEY_NSDesktopFolderUsageDescription = "Drag.on needs access to your Desktop to read and write images.";
				INFOPLIST_KEY_NSDocumentsFolderUsageDescription = "Drag.on needs access to your Documents folder to read and write files.";
				INFOPLIST_KEY_NSDownloadsFolderUsageDescription = "Drag.on needs access to your Downloads folder to save converted images.";
				INFOPLIST_KEY_NSHumanReadableCopyright = "";
				LD_RUNPATH_SEARCH_PATHS = (
					"$(inherited)",
					"@executable_path/../Frameworks",
				);
				MACOSX_DEPLOYMENT_TARGET = 14.6;
				MARKETING_VERSION = "1.0 beta";
				PRODUCT_BUNDLE_IDENTIFIER = "com.yokai.drag-on";
				PRODUCT_NAME = "$(TARGET_NAME)";
				SWIFT_EMIT_LOC_STRINGS = YES;
				SWIFT_VERSION = 6.0;
			};
			name = Release;
		};
		796853D82F3E29890068B99A /* Debug */ = {
			isa = XCBuildConfiguration;
			buildSettings = {
				BUNDLE_LOADER = "$(TEST_HOST)";
				CODE_SIGN_STYLE = Automatic;
				CURRENT_PROJECT_VERSION = 1;
				DEAD_CODE_STRIPPING = YES;
				GENERATE_INFOPLIST_FILE = YES;
				MACOSX_DEPLOYMENT_TARGET = 14.8;
				MARKETING_VERSION = 1.0;
				PRODUCT_BUNDLE_IDENTIFIER = "com.yokai.drag-onTests";
				PRODUCT_NAME = "$(TARGET_NAME)";
				SWIFT_EMIT_LOC_STRINGS = NO;
				SWIFT_VERSION = 6.0;
				TEST_HOST = "$(BUILT_PRODUCTS_DIR)/drag.on.app/$(BUNDLE_EXECUTABLE_FOLDER_PATH)/drag.on";
			};
			name = Debug;
		};
		796853D92F3E29890068B99A /* Release */ = {
			isa = XCBuildConfiguration;
			buildSettings = {
				BUNDLE_LOADER = "$(TEST_HOST)";
				CODE_SIGN_STYLE = Automatic;
				CURRENT_PROJECT_VERSION = 1;
				DEAD_CODE_STRIPPING = YES;
				GENERATE_INFOPLIST_FILE = YES;
				MACOSX_DEPLOYMENT_TARGET = 14.8;
				MARKETING_VERSION = 1.0;
				PRODUCT_BUNDLE_IDENTIFIER = "com.yokai.drag-onTests";
				PRODUCT_NAME = "$(TARGET_NAME)";
				SWIFT_EMIT_LOC_STRINGS = NO;
				SWIFT_VERSION = 6.0;
				TEST_HOST = "$(BUILT_PRODUCTS_DIR)/drag.on.app/$(BUNDLE_EXECUTABLE_FOLDER_PATH)/drag.on";
			};
			name = Release;
		};
		796853DB2F3E29890068B99A /* Debug */ = {
			isa = XCBuildConfiguration;
			buildSettings = {
				CODE_SIGN_STYLE = Automatic;
				CURRENT_PROJECT_VERSION = 1;
				DEAD_CODE_STRIPPING = YES;
				GENERATE_INFOPLIST_FILE = YES;
				MACOSX_DEPLOYMENT_TARGET = 14.6;
				MARKETING_VERSION = 1.0;
				PRODUCT_BUNDLE_IDENTIFIER = "com.yokai.drag-onUITests";
				PRODUCT_NAME = "$(TARGET_NAME)";
				SWIFT_EMIT_LOC_STRINGS = NO;
				SWIFT_VERSION = 6.0;
				TEST_TARGET_NAME = drag.on;
			};
			name = Debug;
		};
		796853DC2F3E29890068B99A /* Release */ = {
			isa = XCBuildConfiguration;
			buildSettings = {
				CODE_SIGN_STYLE = Automatic;
				CURRENT_PROJECT_VERSION = 1;
				DEAD_CODE_STRIPPING = YES;
				GENERATE_INFOPLIST_FILE = YES;
				MACOSX_DEPLOYMENT_TARGET = 14.6;
				MARKETING_VERSION = 1.0;
				PRODUCT_BUNDLE_IDENTIFIER = "com.yokai.drag-onUITests";
				PRODUCT_NAME = "$(TARGET_NAME)";
				SWIFT_EMIT_LOC_STRINGS = NO;
				SWIFT_VERSION = 6.0;
				TEST_TARGET_NAME = drag.on;
			};
			name = Release;
		};
/* End XCBuildConfiguration section */

/* Begin XCConfigurationList section */
		796853AA2F3E29850068B99A /* Build configuration list for PBXProject "drag.on" */ = {
			isa = XCConfigurationList;
			buildConfigurations = (
				796853D22F3E29890068B99A /* Debug */,
				796853D32F3E29890068B99A /* Release */,
			);
			defaultConfigurationIsVisible = 0;
			defaultConfigurationName = Release;
		};
		796853D42F3E29890068B99A /* Build configuration list for PBXNativeTarget "drag.on" */ = {
			isa = XCConfigurationList;
			buildConfigurations = (
				796853D52F3E29890068B99A /* Debug */,
				796853D62F3E29890068B99A /* Release */,
			);
			defaultConfigurationIsVisible = 0;
			defaultConfigurationName = Release;
		};
		796853D72F3E29890068B99A /* Build configuration list for PBXNativeTarget "drag.onTests" */ = {
			isa = XCConfigurationList;
			buildConfigurations = (
				796853D82F3E29890068B99A /* Debug */,
				796853D92F3E29890068B99A /* Release */,
			);
			defaultConfigurationIsVisible = 0;
			defaultConfigurationName = Release;
		};
		796853DA2F3E29890068B99A /* Build configuration list for PBXNativeTarget "drag.onUITests" */ = {
			isa = XCConfigurationList;
			buildConfigurations = (
				796853DB2F3E29890068B99A /* Debug */,
				796853DC2F3E29890068B99A /* Release */,
			);
			defaultConfigurationIsVisible = 0;
			defaultConfigurationName = Release;
		};
/* End XCConfigurationList section */

/* Begin XCRemoteSwiftPackageReference section */
		792B8D692FC29F9E00BC8880 /* XCRemoteSwiftPackageReference "Swift-WebP" */ = {
			isa = XCRemoteSwiftPackageReference;
			repositoryURL = "https://github.com/ainame/Swift-WebP";
			requirement = {
				kind = upToNextMajorVersion;
				minimumVersion = 0.5.0;
			};
		};
		796A807F2FCF26EB00E2196F /* XCRemoteSwiftPackageReference "KeyboardShortcuts" */ = {
			isa = XCRemoteSwiftPackageReference;
			repositoryURL = "https://github.com/sindresorhus/KeyboardShortcuts";
			requirement = {
				kind = upToNextMajorVersion;
				minimumVersion = 2.3.0;
			};
		};
		796A80802FCF28AE00E2196F /* XCRemoteSwiftPackageReference "LaunchAtLogin-Modern" */ = {
			isa = XCRemoteSwiftPackageReference;
			repositoryURL = "https://github.com/sindresorhus/LaunchAtLogin-Modern";
			requirement = {
				branch = main;
				kind = branch;
			};
		};
/* End XCRemoteSwiftPackageReference section */

/* Begin XCSwiftPackageProductDependency section */
		792B8D6A2FC29F9E00BC8880 /* WebP */ = {
			isa = XCSwiftPackageProductDependency;
			productName = WebP;
		};
		796A80822FCF28AE00E2196F /* LaunchAtLogin */ = {
			isa = XCSwiftPackageProductDependency;
			package = 796A80802FCF28AE00E2196F /* XCRemoteSwiftPackageReference "LaunchAtLogin-Modern" */;
			productName = LaunchAtLogin;
		};
		797568962FD1BDEE00941F7E /* KeyboardShortcuts */ = {
			isa = XCSwiftPackageProductDependency;
			package = 796A807F2FCF26EB00E2196F /* XCRemoteSwiftPackageReference "KeyboardShortcuts" */;
			productName = KeyboardShortcuts;
		};
/* End XCSwiftPackageProductDependency section */
	};
	rootObject = 796853A72F3E29850068B99A /* Project object */;
}
